
Microsoft Visual Studio Solution File, Format Version 11.00
# Visual Studio 2010
Project("{FAE04EC0-301F-11D3-BF4B-00C04F79EFBC}") = "BinaryStudioAcademy.FacebookLikeApp", "BinaryStudioAcademy.FacebookLikeApp\BinaryStudioAcademy.FacebookLikeApp.csproj", "{0F0BDF60-11AD-4835-BA81-2AEAD41CBD74}"
EndProject
Project("{FAE04EC0-301F-11D3-BF4B-00C04F79EFBC}") = "BinaryStudioAcademy.FacebookLikeApp.Tests", "BinaryStudioAcademy.FacebookLikeApp.Tests\BinaryStudioAcademy.FacebookLikeApp.Tests.csproj", "{4A5C804B-4F6F-40B3-BCE8-B21C3E8AFF3E}"
EndProject
Global
	GlobalSection(SolutionConfigurationPlatforms) = preSolution
		Debug|Any CPU = Debug|Any CPU
		Release|Any CPU = Release|Any CPU
	EndGlobalSection
	GlobalSection(ProjectConfigurationPlatforms) = postSolution
		{0F0BDF60-11AD-4835-BA81-2AEAD41CBD74}.Debug|Any CPU.ActiveCfg = Debug|Any CPU
		{0F0BDF60-11AD-4835-BA81-2AEAD41CBD74}.Debug|Any CPU.Build.0 = Debug|Any CPU
		{0F0BDF60-11AD-4835-BA81-2AEAD41CBD74}.Release|Any CPU.ActiveCfg = Release|Any CPU
		{0F0BDF60-11AD-4835-BA81-2AEAD41CBD74}.Release|Any CPU.Build.0 = Release|Any CPU
		{4A5C804B-4F6F-40B3-BCE8-B21C3E8AFF3E}.Debug|Any CPU.ActiveCfg = Debug|Any CPU
		{4A5C804B-4F6F-40B3-BCE8-B21C3E8AFF3E}.Debug|Any CPU.Build.0 = Debug|Any CPU
		{4A5C804B-4F6F-40B3-BCE8-B21C3E8AFF3E}.Release|Any CPU.ActiveCfg = Release|Any CPU
		{4A5C804B-4F6F-40B3-BCE8-B21C3E8AFF3E}.Release|Any CPU.Build.0 = Release|Any CPU
	EndGlobalSection
	GlobalSection(SolutionProperties) = preSolution
		HideSolutionNode = FALSE
	EndGlobalSection
EndGlobal
